// !$*UTF8*$!
{
	archiveVersion = 1;
	classes = {
	};
	objectVersion = 56;
	objects = {

/* Begin PBXBuildFile section */
		EC9640A22AD59E6600CB9716 /* NetworkManager.swift in Sources */ = {isa = PBXBuildFile; fileRef = EC9640A12AD59E6600CB9716 /* NetworkManager.swift */; };
		EC9640AA2AD5A45800CB9716 /* Alamofire in Frameworks */ = {isa = PBXBuildFile; productRef = EC9640A92AD5A45800CB9716 /* Alamofire */; };
		EC9640AC2AD5A6C500CB9716 /* User.swift in Sources */ = {isa = PBXBuildFile; fileRef = EC9640AB2AD5A6C500CB9716 /* User.swift */; };
		EC9640AE2AD5A73900CB9716 /* GIASearchGIFView.swift in Sources */ = {isa = PBXBuildFile; fileRef = EC9640AD2AD5A73900CB9716 /* GIASearchGIFView.swift */; };
		EC9640B12AD5B9AF00CB9716 /* GIATrendingGIFsViewModel.swift in Sources */ = {isa = PBXBuildFile; fileRef = EC9640B02AD5B9AE00CB9716 /* GIATrendingGIFsViewModel.swift */; };
		EC9640B32AD5C2A500CB9716 /* GIASearchViewViewModel.swift in Sources */ = {isa = PBXBuildFile; fileRef = EC9640B22AD5C2A500CB9716 /* GIASearchViewViewModel.swift */; };
		EC9AF73F2AD3DB5900D67FA2 /* Giphy_iOS_AppApp.swift in Sources */ = {isa = PBXBuildFile; fileRef = EC9AF73E2AD3DB5900D67FA2 /* Giphy_iOS_AppApp.swift */; };
		EC9AF7412AD3DB5900D67FA2 /* GIAHomeTabView.swift in Sources */ = {isa = PBXBuildFile; fileRef = EC9AF7402AD3DB5900D67FA2 /* GIAHomeTabView.swift */; };
		EC9AF7432AD3DB5A00D67FA2 /* Assets.xcassets in Resources */ = {isa = PBXBuildFile; fileRef = EC9AF7422AD3DB5A00D67FA2 /* Assets.xcassets */; };
		EC9AF7462AD3DB5A00D67FA2 /* Preview Assets.xcassets in Resources */ = {isa = PBXBuildFile; fileRef = EC9AF7452AD3DB5A00D67FA2 /* Preview Assets.xcassets */; };
		EC9AF74F2AD3DC7F00D67FA2 /* GIATrendingGifsView.swift in Sources */ = {isa = PBXBuildFile; fileRef = EC9AF74E2AD3DC7F00D67FA2 /* GIATrendingGifsView.swift */; };
		EC9AF7512AD3DC8A00D67FA2 /* GIAFavouriteGifsView.swift in Sources */ = {isa = PBXBuildFile; fileRef = EC9AF7502AD3DC8A00D67FA2 /* GIAFavouriteGifsView.swift */; };
		EC9BA6BD2AD530F100299988 /* GIAListItemView.swift in Sources */ = {isa = PBXBuildFile; fileRef = EC9BA6BC2AD530F100299988 /* GIAListItemView.swift */; };
		ECBF56C42AD452C900A65CF1 /* URLImage in Frameworks */ = {isa = PBXBuildFile; productRef = ECBF56C32AD452C900A65CF1 /* URLImage */; };
		ECBF56C62AD452C900A65CF1 /* URLImageStore in Frameworks */ = {isa = PBXBuildFile; productRef = ECBF56C52AD452C900A65CF1 /* URLImageStore */; };
		ECC7F9EE2AD46B0400370D14 /* Giffy in Frameworks */ = {isa = PBXBuildFile; productRef = ECC7F9ED2AD46B0400370D14 /* Giffy */; };
/* End PBXBuildFile section */

/* Begin PBXFileReference section */
		EC9640A12AD59E6600CB9716 /* NetworkManager.swift */ = {isa = PBXFileReference; lastKnownFileType = sourcecode.swift; path = NetworkManager.swift; sourceTree = "<group>"; };
		EC9640AB2AD5A6C500CB9716 /* User.swift */ = {isa = PBXFileReference; lastKnownFileType = sourcecode.swift; path = User.swift; sourceTree = "<group>"; };
		EC9640AD2AD5A73900CB9716 /* GIASearchGIFView.swift */ = {isa = PBXFileReference; lastKnownFileType = sourcecode.swift; path = GIASearchGIFView.swift; sourceTree = "<group>"; };
		EC9640B02AD5B9AE00CB9716 /* GIATrendingGIFsViewModel.swift */ = {isa = PBXFileReference; lastKnownFileType = sourcecode.swift; path = GIATrendingGIFsViewModel.swift; sourceTree = "<group>"; };
		EC9640B22AD5C2A500CB9716 /* GIASearchViewViewModel.swift */ = {isa = PBXFileReference; lastKnownFileType = sourcecode.swift; path = GIASearchViewViewModel.swift; sourceTree = "<group>"; };
		EC9AF73B2AD3DB5900D67FA2 /* Giphy iOS App.app */ = {isa = PBXFileReference; explicitFileType = wrapper.application; includeInIndex = 0; path = "Giphy iOS App.app"; sourceTree = BUILT_PRODUCTS_DIR; };
		EC9AF73E2AD3DB5900D67FA2 /* Giphy_iOS_AppApp.swift */ = {isa = PBXFileReference; lastKnownFileType = sourcecode.swift; path = Giphy_iOS_AppApp.swift; sourceTree = "<group>"; };
		EC9AF7402AD3DB5900D67FA2 /* GIAHomeTabView.swift */ = {isa = PBXFileReference; lastKnownFileType = sourcecode.swift; path = GIAHomeTabView.swift; sourceTree = "<group>"; };
		EC9AF7422AD3DB5A00D67FA2 /* Assets.xcassets */ = {isa = PBXFileReference; lastKnownFileType = folder.assetcatalog; path = Assets.xcassets; sourceTree = "<group>"; };
		EC9AF7452AD3DB5A00D67FA2 /* Preview Assets.xcassets */ = {isa = PBXFileReference; lastKnownFileType = folder.assetcatalog; path = "Preview Assets.xcassets"; sourceTree = "<group>"; };
		EC9AF74E2AD3DC7F00D67FA2 /* GIATrendingGifsView.swift */ = {isa = PBXFileReference; lastKnownFileType = sourcecode.swift; path = GIATrendingGifsView.swift; sourceTree = "<group>"; };
		EC9AF7502AD3DC8A00D67FA2 /* GIAFavouriteGifsView.swift */ = {isa = PBXFileReference; lastKnownFileType = sourcecode.swift; path = GIAFavouriteGifsView.swift; sourceTree = "<group>"; };
		EC9BA6BC2AD530F100299988 /* GIAListItemView.swift */ = {isa = PBXFileReference; lastKnownFileType = sourcecode.swift; path = GIAListItemView.swift; sourceTree = "<group>"; };
/* End PBXFileReference section */

/* Begin PBXFrameworksBuildPhase section */
		EC9AF7382AD3DB5900D67FA2 /* Frameworks */ = {
			isa = PBXFrameworksBuildPhase;
			buildActionMask = 2147483647;
			files = (
				ECC7F9EE2AD46B0400370D14 /* Giffy in Frameworks */,
				EC9640AA2AD5A45800CB9716 /* Alamofire in Frameworks */,
				ECBF56C62AD452C900A65CF1 /* URLImageStore in Frameworks */,
				ECBF56C42AD452C900A65CF1 /* URLImage in Frameworks */,
			);
			runOnlyForDeploymentPostprocessing = 0;
		};
/* End PBXFrameworksBuildPhase section */

/* Begin PBXGroup section */
		EC9640A02AD59E5600CB9716 /* APIClient */ = {
			isa = PBXGroup;
			children = (
				EC9640A12AD59E6600CB9716 /* NetworkManager.swift */,
			);
			path = APIClient;
			sourceTree = "<group>";
		};
		EC9640A32AD59ED000CB9716 /* Models */ = {
			isa = PBXGroup;
			children = (
				EC9640A52AD5A18B00CB9716 /* APIResponseTypes */,
				EC9640A42AD5A18500CB9716 /* DataTypes */,
			);
			path = Models;
			sourceTree = "<group>";
		};
		EC9640A42AD5A18500CB9716 /* DataTypes */ = {
			isa = PBXGroup;
			children = (
				EC9640AB2AD5A6C500CB9716 /* User.swift */,
			);
			path = DataTypes;
			sourceTree = "<group>";
		};
		EC9640A52AD5A18B00CB9716 /* APIResponseTypes */ = {
			isa = PBXGroup;
			children = (
			);
			path = APIResponseTypes;
			sourceTree = "<group>";
		};
		EC9640AF2AD5B93300CB9716 /* ViewModels */ = {
			isa = PBXGroup;
			children = (
				EC9640B02AD5B9AE00CB9716 /* GIATrendingGIFsViewModel.swift */,
				EC9640B22AD5C2A500CB9716 /* GIASearchViewViewModel.swift */,
			);
			path = ViewModels;
			sourceTree = "<group>";
		};
		EC9AF7322AD3DB5900D67FA2 = {
			isa = PBXGroup;
			children = (
				EC9AF73D2AD3DB5900D67FA2 /* Giphy iOS App */,
				EC9AF73C2AD3DB5900D67FA2 /* Products */,
			);
			sourceTree = "<group>";
		};
		EC9AF73C2AD3DB5900D67FA2 /* Products */ = {
			isa = PBXGroup;
			children = (
				EC9AF73B2AD3DB5900D67FA2 /* Giphy iOS App.app */,
			);
			name = Products;
			sourceTree = "<group>";
		};
		EC9AF73D2AD3DB5900D67FA2 /* Giphy iOS App */ = {
			isa = PBXGroup;
			children = (
				EC9640AF2AD5B93300CB9716 /* ViewModels */,
				EC9640A32AD59ED000CB9716 /* Models */,
				EC9640A02AD59E5600CB9716 /* APIClient */,
				EC9AF74D2AD3DC5B00D67FA2 /* Other */,
				EC9AF74C2AD3DC5300D67FA2 /* Views */,
				EC9AF7442AD3DB5A00D67FA2 /* Preview Content */,
			);
			path = "Giphy iOS App";
			sourceTree = "<group>";
		};
		EC9AF7442AD3DB5A00D67FA2 /* Preview Content */ = {
			isa = PBXGroup;
			children = (
				EC9AF7452AD3DB5A00D67FA2 /* Preview Assets.xcassets */,
			);
			path = "Preview Content";
			sourceTree = "<group>";
		};
		EC9AF74C2AD3DC5300D67FA2 /* Views */ = {
			isa = PBXGroup;
			children = (
				EC9AF7402AD3DB5900D67FA2 /* GIAHomeTabView.swift */,
				EC9AF74E2AD3DC7F00D67FA2 /* GIATrendingGifsView.swift */,
				EC9AF7502AD3DC8A00D67FA2 /* GIAFavouriteGifsView.swift */,
				EC9BA6BC2AD530F100299988 /* GIAListItemView.swift */,
				EC9640AD2AD5A73900CB9716 /* GIASearchGIFView.swift */,
			);
			path = Views;
			sourceTree = "<group>";
		};
		EC9AF74D2AD3DC5B00D67FA2 /* Other */ = {
			isa = PBXGroup;
			children = (
				EC9AF7422AD3DB5A00D67FA2 /* Assets.xcassets */,
				EC9AF73E2AD3DB5900D67FA2 /* Giphy_iOS_AppApp.swift */,
			);
			path = Other;
			sourceTree = "<group>";
		};
/* End PBXGroup section */

/* Begin PBXNativeTarget section */
		EC9AF73A2AD3DB5900D67FA2 /* Giphy iOS App */ = {
			isa = PBXNativeTarget;
			buildConfigurationList = EC9AF7492AD3DB5A00D67FA2 /* Build configuration list for PBXNativeTarget "Giphy iOS App" */;
			buildPhases = (
				EC9AF7372AD3DB5900D67FA2 /* Sources */,
				EC9AF7382AD3DB5900D67FA2 /* Frameworks */,
				EC9AF7392AD3DB5900D67FA2 /* Resources */,
			);
			buildRules = (
			);
			dependencies = (
			);
			name = "Giphy iOS App";
			packageProductDependencies = (
				ECBF56C32AD452C900A65CF1 /* URLImage */,
				ECBF56C52AD452C900A65CF1 /* URLImageStore */,
				ECC7F9ED2AD46B0400370D14 /* Giffy */,
				EC9640A92AD5A45800CB9716 /* Alamofire */,
			);
			productName = "Giphy iOS App";
			productReference = EC9AF73B2AD3DB5900D67FA2 /* Giphy iOS App.app */;
			productType = "com.apple.product-type.application";
		};
/* End PBXNativeTarget section */

/* Begin PBXProject section */
		EC9AF7332AD3DB5900D67FA2 /* Project object */ = {
			isa = PBXProject;
			attributes = {
				BuildIndependentTargetsInParallel = 1;
				LastSwiftUpdateCheck = 1500;
				LastUpgradeCheck = 1500;
				TargetAttributes = {
					EC9AF73A2AD3DB5900D67FA2 = {
						CreatedOnToolsVersion = 15.0;
					};
				};
			};
			buildConfigurationList = EC9AF7362AD3DB5900D67FA2 /* Build configuration list for PBXProject "Giphy iOS App" */;
			compatibilityVersion = "Xcode 14.0";
			developmentRegion = en;
			hasScannedForEncodings = 0;
			knownRegions = (
				en,
				Base,
			);
			mainGroup = EC9AF7322AD3DB5900D67FA2;
			packageReferences = (
				ECBF56C22AD452C900A65CF1 /* XCRemoteSwiftPackageReference "url-image" */,
				ECC7F9EC2AD46B0400370D14 /* XCRemoteSwiftPackageReference "Giffy" */,
				EC9640A82AD5A45800CB9716 /* XCRemoteSwiftPackageReference "Alamofire" */,
			);
			productRefGroup = EC9AF73C2AD3DB5900D67FA2 /* Products */;
			projectDirPath = "";
			projectRoot = "";
			targets = (
				EC9AF73A2AD3DB5900D67FA2 /* Giphy iOS App */,
			);
		};
/* End PBXProject section */

/* Begin PBXResourcesBuildPhase section */
		EC9AF7392AD3DB5900D67FA2 /* Resources */ = {
			isa = PBXResourcesBuildPhase;
			buildActionMask = 2147483647;
			files = (
				EC9AF7462AD3DB5A00D67FA2 /* Preview Assets.xcassets in Resources */,
				EC9AF7432AD3DB5A00D67FA2 /* Assets.xcassets in Resources */,
			);
			runOnlyForDeploymentPostprocessing = 0;
		};
/* End PBXResourcesBuildPhase section */

/* Begin PBXSourcesBuildPhase section */
		EC9AF7372AD3DB5900D67FA2 /* Sources */ = {
			isa = PBXSourcesBuildPhase;
			buildActionMask = 2147483647;
			files = (
				EC9640A22AD59E6600CB9716 /* NetworkManager.swift in Sources */,
				EC9AF7412AD3DB5900D67FA2 /* GIAHomeTabView.swift in Sources */,
				EC9AF73F2AD3DB5900D67FA2 /* Giphy_iOS_AppApp.swift in Sources */,
				EC9AF74F2AD3DC7F00D67FA2 /* GIATrendingGifsView.swift in Sources */,
				EC9640AE2AD5A73900CB9716 /* GIASearchGIFView.swift in Sources */,
				EC9640AC2AD5A6C500CB9716 /* User.swift in Sources */,
				EC9AF7512AD3DC8A00D67FA2 /* GIAFavouriteGifsView.swift in Sources */,
				EC9640B32AD5C2A500CB9716 /* GIASearchViewViewModel.swift in Sources */,
				EC9640B12AD5B9AF00CB9716 /* GIATrendingGIFsViewModel.swift in Sources */,
				EC9BA6BD2AD530F100299988 /* GIAListItemView.swift in Sources */,
			);
			runOnlyForDeploymentPostprocessing = 0;
		};
/* End PBXSourcesBuildPhase section */

/* Begin XCBuildConfiguration section */
		EC9AF7472AD3DB5A00D67FA2 /* Debug */ = {
			isa = XCBuildConfiguration;
			buildSettings = {
				ALWAYS_SEARCH_USER_PATHS = NO;
				ASSETCATALOG_COMPILER_GENERATE_SWIFT_ASSET_SYMBOL_EXTENSIONS = YES;
				CLANG_ANALYZER_NONNULL = YES;
				CLANG_ANALYZER_NUMBER_OBJECT_CONVERSION = YES_AGGRESSIVE;
				CLANG_CXX_LANGUAGE_STANDARD = "gnu++20";
				CLANG_ENABLE_MODULES = YES;
				CLANG_ENABLE_OBJC_ARC = YES;
				CLANG_ENABLE_OBJC_WEAK = YES;
				CLANG_WARN_BLOCK_CAPTURE_AUTORELEASING = YES;
				CLANG_WARN_BOOL_CONVERSION = YES;
				CLANG_WARN_COMMA = YES;
				CLANG_WARN_CONSTANT_CONVERSION = YES;
				CLANG_WARN_DEPRECATED_OBJC_IMPLEMENTATIONS = YES;
				CLANG_WARN_DIRECT_OBJC_ISA_USAGE = YES_ERROR;
				CLANG_WARN_DOCUMENTATION_COMMENTS = YES;
				CLANG_WARN_EMPTY_BODY = YES;
				CLANG_WARN_ENUM_CONVERSION = YES;
				CLANG_WARN_INFINITE_RECURSION = YES;
				CLANG_WARN_INT_CONVERSION = YES;
				CLANG_WARN_NON_LITERAL_NULL_CONVERSION = YES;
				CLANG_WARN_OBJC_IMPLICIT_RETAIN_SELF = YES;
				CLANG_WARN_OBJC_LITERAL_CONVERSION = YES;
				CLANG_WARN_OBJC_ROOT_CLASS = YES_ERROR;
				CLANG_WARN_QUOTED_INCLUDE_IN_FRAMEWORK_HEADER = YES;
				CLANG_WARN_RANGE_LOOP_ANALYSIS = YES;
				CLANG_WARN_STRICT_PROTOTYPES = YES;
				CLANG_WARN_SUSPICIOUS_MOVE = YES;
				CLANG_WARN_UNGUARDED_AVAILABILITY = YES_AGGRESSIVE;
				CLANG_WARN_UNREACHABLE_CODE = YES;
				CLANG_WARN__DUPLICATE_METHOD_MATCH = YES;
				COPY_PHASE_STRIP = NO;
				DEBUG_INFORMATION_FORMAT = dwarf;
				ENABLE_STRICT_OBJC_MSGSEND = YES;
				ENABLE_TESTABILITY = YES;
				ENABLE_USER_SCRIPT_SANDBOXING = YES;
				GCC_C_LANGUAGE_STANDARD = gnu17;
				GCC_DYNAMIC_NO_PIC = NO;
				GCC_NO_COMMON_BLOCKS = YES;
				GCC_OPTIMIZATION_LEVEL = 0;
				GCC_PREPROCESSOR_DEFINITIONS = (
					"DEBUG=1",
					"$(inherited)",
				);
				GCC_WARN_64_TO_32_BIT_CONVERSION = YES;
				GCC_WARN_ABOUT_RETURN_TYPE = YES_ERROR;
				GCC_WARN_UNDECLARED_SELECTOR = YES;
				GCC_WARN_UNINITIALIZED_AUTOS = YES_AGGRESSIVE;
				GCC_WARN_UNUSED_FUNCTION = YES;
				GCC_WARN_UNUSED_VARIABLE = YES;
				IPHONEOS_DEPLOYMENT_TARGET = 17.0;
				LOCALIZATION_PREFERS_STRING_CATALOGS = YES;
				MTL_ENABLE_DEBUG_INFO = INCLUDE_SOURCE;
				MTL_FAST_MATH = YES;
				ONLY_ACTIVE_ARCH = YES;
				SDKROOT = iphoneos;
				SWIFT_ACTIVE_COMPILATION_CONDITIONS = "DEBUG $(inherited)";
				SWIFT_OPTIMIZATION_LEVEL = "-Onone";
			};
			name = Debug;
		};
		EC9AF7482AD3DB5A00D67FA2 /* Release */ = {
			isa = XCBuildConfiguration;
			buildSettings = {
				ALWAYS_SEARCH_USER_PATHS = NO;
				ASSETCATALOG_COMPILER_GENERATE_SWIFT_ASSET_SYMBOL_EXTENSIONS = YES;
				CLANG_ANALYZER_NONNULL = YES;
				CLANG_ANALYZER_NUMBER_OBJECT_CONVERSION = YES_AGGRESSIVE;
				CLANG_CXX_LANGUAGE_STANDARD = "gnu++20";
				CLANG_ENABLE_MODULES = YES;
				CLANG_ENABLE_OBJC_ARC = YES;
				CLANG_ENABLE_OBJC_WEAK = YES;
				CLANG_WARN_BLOCK_CAPTURE_AUTORELEASING = YES;
				CLANG_WARN_BOOL_CONVERSION = YES;
				CLANG_WARN_COMMA = YES;
				CLANG_WARN_CONSTANT_CONVERSION = YES;
				CLANG_WARN_DEPRECATED_OBJC_IMPLEMENTATIONS = YES;
				CLANG_WARN_DIRECT_OBJC_ISA_USAGE = YES_ERROR;
				CLANG_WARN_DOCUMENTATION_COMMENTS = YES;
				CLANG_WARN_EMPTY_BODY = YES;
				CLANG_WARN_ENUM_CONVERSION = YES;
				CLANG_WARN_INFINITE_RECURSION = YES;
				CLANG_WARN_INT_CONVERSION = YES;
				CLANG_WARN_NON_LITERAL_NULL_CONVERSION = YES;
				CLANG_WARN_OBJC_IMPLICIT_RETAIN_SELF = YES;
				CLANG_WARN_OBJC_LITERAL_CONVERSION = YES;
				CLANG_WARN_OBJC_ROOT_CLASS = YES_ERROR;
				CLANG_WARN_QUOTED_INCLUDE_IN_FRAMEWORK_HEADER = YES;
				CLANG_WARN_RANGE_LOOP_ANALYSIS = YES;
				CLANG_WARN_STRICT_PROTOTYPES = YES;
				CLANG_WARN_SUSPICIOUS_MOVE = YES;
				CLANG_WARN_UNGUARDED_AVAILABILITY = YES_AGGRESSIVE;
				CLANG_WARN_UNREACHABLE_CODE = YES;
				CLANG_WARN__DUPLICATE_METHOD_MATCH = YES;
				COPY_PHASE_STRIP = NO;
				DEBUG_INFORMATION_FORMAT = "dwarf-with-dsym";
				ENABLE_NS_ASSERTIONS = NO;
				ENABLE_STRICT_OBJC_MSGSEND = YES;
				ENABLE_USER_SCRIPT_SANDBOXING = YES;
				GCC_C_LANGUAGE_STANDARD = gnu17;
				GCC_NO_COMMON_BLOCKS = YES;
				GCC_WARN_64_TO_32_BIT_CONVERSION = YES;
				GCC_WARN_ABOUT_RETURN_TYPE = YES_ERROR;
				GCC_WARN_UNDECLARED_SELECTOR = YES;
				GCC_WARN_UNINITIALIZED_AUTOS = YES_AGGRESSIVE;
				GCC_WARN_UNUSED_FUNCTION = YES;
				GCC_WARN_UNUSED_VARIABLE = YES;
				IPHONEOS_DEPLOYMENT_TARGET = 17.0;
				LOCALIZATION_PREFERS_STRING_CATALOGS = YES;
				MTL_ENABLE_DEBUG_INFO = NO;
				MTL_FAST_MATH = YES;
				SDKROOT = iphoneos;
				SWIFT_COMPILATION_MODE = wholemodule;
				VALIDATE_PRODUCT = YES;
			};
			name = Release;
		};
		EC9AF74A2AD3DB5A00D67FA2 /* Debug */ = {
			isa = XCBuildConfiguration;
			buildSettings = {
				ASSETCATALOG_COMPILER_APPICON_NAME = AppIcon;
				ASSETCATALOG_COMPILER_GLOBAL_ACCENT_COLOR_NAME = AccentColor;
				CODE_SIGN_STYLE = Automatic;
				CURRENT_PROJECT_VERSION = 1;
				DEVELOPMENT_ASSET_PATHS = "\"Giphy iOS App/Preview Content\"";
				DEVELOPMENT_TEAM = NX4HC3DZ28;
				ENABLE_PREVIEWS = YES;
				GENERATE_INFOPLIST_FILE = YES;
				INFOPLIST_KEY_UIApplicationSceneManifest_Generation = YES;
				INFOPLIST_KEY_UIApplicationSupportsIndirectInputEvents = YES;
				INFOPLIST_KEY_UILaunchScreen_Generation = YES;
				INFOPLIST_KEY_UISupportedInterfaceOrientations_iPad = "UIInterfaceOrientationPortrait UIInterfaceOrientationPortraitUpsideDown UIInterfaceOrientationLandscapeLeft UIInterfaceOrientationLandscapeRight";
				INFOPLIST_KEY_UISupportedInterfaceOrientations_iPhone = "UIInterfaceOrientationPortrait UIInterfaceOrientationLandscapeLeft UIInterfaceOrientationLandscapeRight";
				LD_RUNPATH_SEARCH_PATHS = (
					"$(inherited)",
					"@executable_path/Frameworks",
				);
				MARKETING_VERSION = 1.0;
				PRODUCT_BUNDLE_IDENTIFIER = "com.technerdy.Giphy-iOS-App";
				PRODUCT_NAME = "$(TARGET_NAME)";
				SWIFT_EMIT_LOC_STRINGS = YES;
				SWIFT_VERSION = 5.0;
				TARGETED_DEVICE_FAMILY = "1,2";
			};
			name = Debug;
		};
		EC9AF74B2AD3DB5A00D67FA2 /* Release */ = {
			isa = XCBuildConfiguration;
			buildSettings = {
				ASSETCATALOG_COMPILER_APPICON_NAME = AppIcon;
				ASSETCATALOG_COMPILER_GLOBAL_ACCENT_COLOR_NAME = AccentColor;
				CODE_SIGN_STYLE = Automatic;
				CURRENT_PROJECT_VERSION = 1;
				DEVELOPMENT_ASSET_PATHS = "\"Giphy iOS App/Preview Content\"";
				DEVELOPMENT_TEAM = NX4HC3DZ28;
				ENABLE_PREVIEWS = YES;
				GENERATE_INFOPLIST_FILE = YES;
				INFOPLIST_KEY_UIApplicationSceneManifest_Generation = YES;
				INFOPLIST_KEY_UIApplicationSupportsIndirectInputEvents = YES;
				INFOPLIST_KEY_UILaunchScreen_Generation = YES;
				INFOPLIST_KEY_UISupportedInterfaceOrientations_iPad = "UIInterfaceOrientationPortrait UIInterfaceOrientationPortraitUpsideDown UIInterfaceOrientationLandscapeLeft UIInterfaceOrientationLandscapeRight";
				INFOPLIST_KEY_UISupportedInterfaceOrientations_iPhone = "UIInterfaceOrientationPortrait UIInterfaceOrientationLandscapeLeft UIInterfaceOrientationLandscapeRight";
				LD_RUNPATH_SEARCH_PATHS = (
					"$(inherited)",
					"@executable_path/Frameworks",
				);
				MARKETING_VERSION = 1.0;
				PRODUCT_BUNDLE_IDENTIFIER = "com.technerdy.Giphy-iOS-App";
				PRODUCT_NAME = "$(TARGET_NAME)";
				SWIFT_EMIT_LOC_STRINGS = YES;
				SWIFT_VERSION = 5.0;
				TARGETED_DEVICE_FAMILY = "1,2";
			};
			name = Release;
		};
/* End XCBuildConfiguration section */

/* Begin XCConfigurationList section */
		EC9AF7362AD3DB5900D67FA2 /* Build configuration list for PBXProject "Giphy iOS App" */ = {
			isa = XCConfigurationList;
			buildConfigurations = (
				EC9AF7472AD3DB5A00D67FA2 /* Debug */,
				EC9AF7482AD3DB5A00D67FA2 /* Release */,
			);
			defaultConfigurationIsVisible = 0;
			defaultConfigurationName = Release;
		};
		EC9AF7492AD3DB5A00D67FA2 /* Build configuration list for PBXNativeTarget "Giphy iOS App" */ = {
			isa = XCConfigurationList;
			buildConfigurations = (
				EC9AF74A2AD3DB5A00D67FA2 /* Debug */,
				EC9AF74B2AD3DB5A00D67FA2 /* Release */,
			);
			defaultConfigurationIsVisible = 0;
			defaultConfigurationName = Release;
		};
/* End XCConfigurationList section */

/* Begin XCRemoteSwiftPackageReference section */
		EC9640A82AD5A45800CB9716 /* XCRemoteSwiftPackageReference "Alamofire" */ = {
			isa = XCRemoteSwiftPackageReference;
			repositoryURL = "https://github.com/Alamofire/Alamofire.git";
			requirement = {
				kind = upToNextMajorVersion;
				minimumVersion = 5.8.0;
			};
		};
		ECBF56C22AD452C900A65CF1 /* XCRemoteSwiftPackageReference "url-image" */ = {
			isa = XCRemoteSwiftPackageReference;
			repositoryURL = "https://github.com/dmytro-anokhin/url-image";
			requirement = {
				kind = upToNextMajorVersion;
				minimumVersion = 3.1.1;
			};
		};
		ECC7F9EC2AD46B0400370D14 /* XCRemoteSwiftPackageReference "Giffy" */ = {
			isa = XCRemoteSwiftPackageReference;
			repositoryURL = "https://github.com/tfmart/Giffy.git";
			requirement = {
				branch = main;
				kind = branch;
			};
		};
/* End XCRemoteSwiftPackageReference section */

/* Begin XCSwiftPackageProductDependency section */
		EC9640A92AD5A45800CB9716 /* Alamofire */ = {
			isa = XCSwiftPackageProductDependency;
			package = EC9640A82AD5A45800CB9716 /* XCRemoteSwiftPackageReference "Alamofire" */;
			productName = Alamofire;
		};
		ECBF56C32AD452C900A65CF1 /* URLImage */ = {
			isa = XCSwiftPackageProductDependency;
			package = ECBF56C22AD452C900A65CF1 /* XCRemoteSwiftPackageReference "url-image" */;
			productName = URLImage;
		};
		ECBF56C52AD452C900A65CF1 /* URLImageStore */ = {
			isa = XCSwiftPackageProductDependency;
			package = ECBF56C22AD452C900A65CF1 /* XCRemoteSwiftPackageReference "url-image" */;
			productName = URLImageStore;
		};
		ECC7F9ED2AD46B0400370D14 /* Giffy */ = {
			isa = XCSwiftPackageProductDependency;
			package = ECC7F9EC2AD46B0400370D14 /* XCRemoteSwiftPackageReference "Giffy" */;
			productName = Giffy;
		};
/* End XCSwiftPackageProductDependency section */
	};
	rootObject = EC9AF7332AD3DB5900D67FA2 /* Project object */;
}
