{
  "pins" : [
    {
      "identity" : "alamofire",
      "kind" : "remoteSourceControl",
      "location" : "https://github.com/Alamofire/Alamofire.git",
      "state" : {
        "revision" : "b2fa556e4e48cbf06cf8c63def138c98f4b811fa",
        "version" : "5.8.0"
      }
    },
    {
      "identity" : "flanimatedimage",
      "kind" : "remoteSourceControl",
      "location" : "https://github.com/Flipboard/FLAnimatedImage.git",
      "state" : {
        "revision" : "d4f07b6f164d53c1212c3e54d6460738b1981e9f",
        "version" : "1.0.17"
      }
    },
    {
      "identity" : "giffy",
      "kind" : "remoteSourceControl",
      "location" : "https://github.com/tfmart/Giffy.git",
      "state" : {
        "branch" : "main",
        "revision" : "7300767fc9509ce7f86d9c6a2750ceb18f93a464"
      }
    },
    {
      "identity" : "lottie-ios",
      "kind" : "remoteSourceControl",
      "location" : "https://github.com/airbnb/lottie-ios",
      "state" : {
        "revision" : "45517c3cfec9469bbdd4f86e32393c28ae9df0bc",
        "version" : "4.3.3"
      }
    },
    {
      "identity" : "realm-core",
      "kind" : "remoteSourceControl",
      "location" : "https://github.com/realm/realm-core.git",
      "state" : {
        "revision" : "f8604b9fd3d2982008a1d3f5ff35e52ee9098d5b",
        "version" : "13.23.0"
      }
    },
    {
      "identity" : "realm-swift",
      "kind" : "remoteSourceControl",
      "location" : "https://github.com/realm/realm-swift.git",
      "state" : {
        "branch" : "master",
        "revision" : "becc93324f6a6a5ccc7a2ea3f3f40f94fa57ce49"
      }
    },
    {
      "identity" : "simpletoast",
      "kind" : "remoteSourceControl",
      "location" : "https://github.com/sanzaru/SimpleToast.git",
      "state" : {
        "revision" : "6637b95dfc49d3d688ad2d7b6e0655c0f6862f83",
        "version" : "0.8.0"
      }
    },
    {
      "identity" : "swiftui-infinite-list",
      "kind" : "remoteSourceControl",
      "location" : "https://github.com/globulus/swiftui-infinite-list.git",
      "state" : {
        "revision" : "367bacfcd36576e19b3737112d12feb181f46f8c",
        "version" : "1.0.0"
      }
    },
    {
      "identity" : "swiftui-pull-to-refresh",
      "kind" : "remoteSourceControl",
      "location" : "https://github.com/globulus/swiftui-pull-to-refresh",
      "state" : {
        "revision" : "1852a4eb7e7a12a768c64b25b1bd905993ced4eb",
        "version" : "1.1.9"
      }
    },
    {
      "identity" : "swiftuix",
      "kind" : "remoteSourceControl",
      "location" : "https://github.com/SwiftUIX/SwiftUIX",
      "state" : {
        "revision" : "5d472e5797d377af3d65c711af60277c7a753663",
        "version" : "0.1.7"
      }
    },
    {
      "identity" : "url-image",
      "kind" : "remoteSourceControl",
      "location" : "https://github.com/dmytro-anokhin/url-image",
      "state" : {
        "revision" : "4042f955f1fdff00ced85545e1eecdbf969b5cd0",
        "version" : "3.1.1"
      }
    }
  ],
  "version" : 2
}
